
Microsoft Visual Studio Solution File, Format Version 12.00
# Visual Studio Version 17
VisualStudioVersion = 17.5.002.0
MinimumVisualStudioVersion = 10.0.40219.1
Project("{9A19103F-16F7-4668-BE54-9A1E7A4F7556}") = "Blog", "Blog.csproj", "{B9043144-657D-4EDD-B296-2DDD61F4B211}"
EndProject
Global
	GlobalSection(SolutionConfigurationPlatforms) = preSolution
		Debug|Any CPU = Debug|Any CPU
		Release|Any CPU = Release|Any CPU
	EndGlobalSection
	GlobalSection(ProjectConfigurationPlatforms) = postSolution
		{B9043144-657D-4EDD-B296-2DDD61F4B211}.Debug|Any CPU.ActiveCfg = Debug|Any CPU
		{B9043144-657D-4EDD-B296-2DDD61F4B211}.Debug|Any CPU.Build.0 = Debug|Any CPU
		{B9043144-657D-4EDD-B296-2DDD61F4B211}.Release|Any CPU.ActiveCfg = Release|Any CPU
		{B9043144-657D-4EDD-B296-2DDD61F4B211}.Release|Any CPU.Build.0 = Release|Any CPU
	EndGlobalSection
	GlobalSection(SolutionProperties) = preSolution
		HideSolutionNode = FALSE
	EndGlobalSection
	GlobalSection(ExtensibilityGlobals) = postSolution
		SolutionGuid = {87195ED4-2428-4216-BD63-665CDC58FC1B}
	EndGlobalSection
EndGlobal
